
Microsoft Visual Studio Solution File, Format Version 11.00
# Visual Studio 2010
Project("{FAE04EC0-301F-11D3-BF4B-00C04F79EFBC}") = "Assembly-CSharp", "Assembly-CSharp.csproj", "{5ACF2CED-2C8E-4A8C-2E58-0C2D04FD568B}"
EndProject
Project("{FAE04EC0-301F-11D3-BF4B-00C04F79EFBC}") = "Assembly-CSharp-Editor", "Assembly-CSharp-Editor.csproj", "{8C527C44-E2E1-C975-2384-3BC201CD1338}"
EndProject
Global
	GlobalSection(SolutionConfigurationPlatforms) = preSolution
		Debug|Any CPU = Debug|Any CPU
		Release|Any CPU = Release|Any CPU
	EndGlobalSection
	GlobalSection(ProjectConfigurationPlatforms) = postSolution
		{5ACF2CED-2C8E-4A8C-2E58-0C2D04FD568B}.Debug|Any CPU.ActiveCfg = Debug|Any CPU
		{5ACF2CED-2C8E-4A8C-2E58-0C2D04FD568B}.Debug|Any CPU.Build.0 = Debug|Any CPU
		{5ACF2CED-2C8E-4A8C-2E58-0C2D04FD568B}.Release|Any CPU.ActiveCfg = Release|Any CPU
		{5ACF2CED-2C8E-4A8C-2E58-0C2D04FD568B}.Release|Any CPU.Build.0 = Release|Any CPU
		{8C527C44-E2E1-C975-2384-3BC201CD1338}.Debug|Any CPU.ActiveCfg = Debug|Any CPU
		{8C527C44-E2E1-C975-2384-3BC201CD1338}.Debug|Any CPU.Build.0 = Debug|Any CPU
		{8C527C44-E2E1-C975-2384-3BC201CD1338}.Release|Any CPU.ActiveCfg = Release|Any CPU
		{8C527C44-E2E1-C975-2384-3BC201CD1338}.Release|Any CPU.Build.0 = Release|Any CPU
	EndGlobalSection
	GlobalSection(SolutionProperties) = preSolution
		HideSolutionNode = FALSE
	EndGlobalSection
EndGlobal
